
Microsoft Visual Studio Solution File, Format Version 12.00
# Visual Studio Version 17
VisualStudioVersion = 17.14.36623.8 d17.14
MinimumVisualStudioVersion = 10.0.40219.1
Project("{FAE04EC0-301F-11D3-BF4B-00C04F79EFBC}") = "LearningOpenTK", "LearningOpenTK.csproj", "{1DD01A95-60D7-4ADA-B7CD-3402C68E273D}"
EndProject
Global
	GlobalSection(SolutionConfigurationPlatforms) = preSolution
		Debug|Any CPU = Debug|Any CPU
		Release|Any CPU = Release|Any CPU
	EndGlobalSection
	GlobalSection(ProjectConfigurationPlatforms) = postSolution
		{1DD01A95-60D7-4ADA-B7CD-3402C68E273D}.Debug|Any CPU.ActiveCfg = Debug|Any CPU
		{1DD01A95-60D7-4ADA-B7CD-3402C68E273D}.Debug|Any CPU.Build.0 = Debug|Any CPU
		{1DD01A95-60D7-4ADA-B7CD-3402C68E273D}.Release|Any CPU.ActiveCfg = Release|Any CPU
		{1DD01A95-60D7-4ADA-B7CD-3402C68E273D}.Release|Any CPU.Build.0 = Release|Any CPU
	EndGlobalSection
	GlobalSection(SolutionProperties) = preSolution
		HideSolutionNode = FALSE
	EndGlobalSection
	GlobalSection(ExtensibilityGlobals) = postSolution
		SolutionGuid = {8183E8A0-9443-43E1-B2D8-E7F95352A0DE}
	EndGlobalSection
EndGlobal
